
Microsoft Visual Studio Solution File, Format Version 11.00
# Visual Studio 2010
Project("{FAE04EC0-301F-11D3-BF4B-00C04F79EFBC}") = "AmplaWeb.Sample", "AmplaWeb.Sample\AmplaWeb.Sample.csproj", "{D1952C3E-2A71-4947-8B32-D15FC69811C1}"
EndProject
Project("{FAE04EC0-301F-11D3-BF4B-00C04F79EFBC}") = "AmplaWeb.Data", "AmplaWeb.Data\AmplaWeb.Data.csproj", "{EA920285-DB3C-46AB-97D9-17EA716B70AF}"
EndProject
Global
	GlobalSection(SolutionConfigurationPlatforms) = preSolution
		Debug|Any CPU = Debug|Any CPU
		Release|Any CPU = Release|Any CPU
	EndGlobalSection
	GlobalSection(ProjectConfigurationPlatforms) = postSolution
		{D1952C3E-2A71-4947-8B32-D15FC69811C1}.Debug|Any CPU.ActiveCfg = Debug|Any CPU
		{D1952C3E-2A71-4947-8B32-D15FC69811C1}.Debug|Any CPU.Build.0 = Debug|Any CPU
		{D1952C3E-2A71-4947-8B32-D15FC69811C1}.Release|Any CPU.ActiveCfg = Release|Any CPU
		{D1952C3E-2A71-4947-8B32-D15FC69811C1}.Release|Any CPU.Build.0 = Release|Any CPU
		{EA920285-DB3C-46AB-97D9-17EA716B70AF}.Debug|Any CPU.ActiveCfg = Debug|Any CPU
		{EA920285-DB3C-46AB-97D9-17EA716B70AF}.Debug|Any CPU.Build.0 = Debug|Any CPU
		{EA920285-DB3C-46AB-97D9-17EA716B70AF}.Release|Any CPU.ActiveCfg = Release|Any CPU
		{EA920285-DB3C-46AB-97D9-17EA716B70AF}.Release|Any CPU.Build.0 = Release|Any CPU
	EndGlobalSection
	GlobalSection(SolutionProperties) = preSolution
		HideSolutionNode = FALSE
	EndGlobalSection
EndGlobal
