
Microsoft Visual Studio Solution File, Format Version 11.00
# Visual Studio 2010
Project("{FAE04EC0-301F-11D3-BF4B-00C04F79EFBC}") = "AmplaData.Web.Sample", "AmplaData.Web.Sample\AmplaData.Web.Sample.csproj", "{D1952C3E-2A71-4947-8B32-D15FC69811C1}"
EndProject
Project("{FAE04EC0-301F-11D3-BF4B-00C04F79EFBC}") = "AmplaData", "AmplaData\AmplaData.csproj", "{EA920285-DB3C-46AB-97D9-17EA716B70AF}"
EndProject
Project("{FAE04EC0-301F-11D3-BF4B-00C04F79EFBC}") = "AmplaData.Tests", "AmplaData.Tests\AmplaData.Tests.csproj", "{F262B484-F272-4514-BEE2-D630D1C997A6}"
EndProject
Project("{FAE04EC0-301F-11D3-BF4B-00C04F79EFBC}") = "AmplaData.Web", "AmplaData.Web\AmplaData.Web.csproj", "{C66B42CD-9D04-49E1-97BA-DAC61F9641A4}"
EndProject
Project("{FAE04EC0-301F-11D3-BF4B-00C04F79EFBC}") = "AmplaData.Dynamic", "AmplaData.Dynamic\AmplaData.Dynamic.csproj", "{7BD8A9A4-8FB4-45E8-82B4-5450CC846132}"
EndProject
Project("{FAE04EC0-301F-11D3-BF4B-00C04F79EFBC}") = "AmplaData.Dynamic.Tests", "AmplaData.Dynamic.Tests\AmplaData.Dynamic.Tests.csproj", "{AEC0AA07-0BED-49AE-9280-8508BE2AFDAA}"
EndProject
Project("{2150E333-8FDC-42A3-9474-1A3956D46DE8}") = "Tests", "Tests", "{121B2A35-E2F1-42F9-8537-5E3D7F7C0696}"
EndProject
Project("{FAE04EC0-301F-11D3-BF4B-00C04F79EFBC}") = "AmplaData.Web.UnitTests", "AmplaData.Web.UnitTests\AmplaData.Web.UnitTests.csproj", "{C65EA2E6-D154-47FA-A447-DDFF04B381AA}"
EndProject
Project("{FAE04EC0-301F-11D3-BF4B-00C04F79EFBC}") = "AmplaData.Simple", "AmplaData.Simple\AmplaData.Simple.csproj", "{B3E658CF-5F5A-492A-87E0-9D8E200E22C0}"
EndProject
Project("{FAE04EC0-301F-11D3-BF4B-00C04F79EFBC}") = "AmplaData.Simple.Web", "AmplaData.Simple.Web\AmplaData.Simple.Web.csproj", "{41F5E763-07D3-4CB1-8120-FB9B3E5BDC7C}"
EndProject
Global
	GlobalSection(SolutionConfigurationPlatforms) = preSolution
		Debug|Any CPU = Debug|Any CPU
		Debug|Mixed Platforms = Debug|Mixed Platforms
		Debug|x86 = Debug|x86
		Release|Any CPU = Release|Any CPU
		Release|Mixed Platforms = Release|Mixed Platforms
		Release|x86 = Release|x86
	EndGlobalSection
	GlobalSection(ProjectConfigurationPlatforms) = postSolution
		{D1952C3E-2A71-4947-8B32-D15FC69811C1}.Debug|Any CPU.ActiveCfg = Debug|Any CPU
		{D1952C3E-2A71-4947-8B32-D15FC69811C1}.Debug|Any CPU.Build.0 = Debug|Any CPU
		{D1952C3E-2A71-4947-8B32-D15FC69811C1}.Debug|Mixed Platforms.ActiveCfg = Debug|Any CPU
		{D1952C3E-2A71-4947-8B32-D15FC69811C1}.Debug|Mixed Platforms.Build.0 = Debug|Any CPU
		{D1952C3E-2A71-4947-8B32-D15FC69811C1}.Debug|x86.ActiveCfg = Debug|Any CPU
		{D1952C3E-2A71-4947-8B32-D15FC69811C1}.Release|Any CPU.ActiveCfg = Release|Any CPU
		{D1952C3E-2A71-4947-8B32-D15FC69811C1}.Release|Any CPU.Build.0 = Release|Any CPU
		{D1952C3E-2A71-4947-8B32-D15FC69811C1}.Release|Mixed Platforms.ActiveCfg = Release|Any CPU
		{D1952C3E-2A71-4947-8B32-D15FC69811C1}.Release|Mixed Platforms.Build.0 = Release|Any CPU
		{D1952C3E-2A71-4947-8B32-D15FC69811C1}.Release|x86.ActiveCfg = Release|Any CPU
		{EA920285-DB3C-46AB-97D9-17EA716B70AF}.Debug|Any CPU.ActiveCfg = Debug|Any CPU
		{EA920285-DB3C-46AB-97D9-17EA716B70AF}.Debug|Any CPU.Build.0 = Debug|Any CPU
		{EA920285-DB3C-46AB-97D9-17EA716B70AF}.Debug|Mixed Platforms.ActiveCfg = Debug|Any CPU
		{EA920285-DB3C-46AB-97D9-17EA716B70AF}.Debug|Mixed Platforms.Build.0 = Debug|Any CPU
		{EA920285-DB3C-46AB-97D9-17EA716B70AF}.Debug|x86.ActiveCfg = Debug|Any CPU
		{EA920285-DB3C-46AB-97D9-17EA716B70AF}.Release|Any CPU.ActiveCfg = Release|Any CPU
		{EA920285-DB3C-46AB-97D9-17EA716B70AF}.Release|Any CPU.Build.0 = Release|Any CPU
		{EA920285-DB3C-46AB-97D9-17EA716B70AF}.Release|Mixed Platforms.ActiveCfg = Release|Any CPU
		{EA920285-DB3C-46AB-97D9-17EA716B70AF}.Release|Mixed Platforms.Build.0 = Release|Any CPU
		{EA920285-DB3C-46AB-97D9-17EA716B70AF}.Release|x86.ActiveCfg = Release|Any CPU
		{F262B484-F272-4514-BEE2-D630D1C997A6}.Debug|Any CPU.ActiveCfg = Debug|x86
		{F262B484-F272-4514-BEE2-D630D1C997A6}.Debug|Any CPU.Build.0 = Debug|x86
		{F262B484-F272-4514-BEE2-D630D1C997A6}.Debug|Mixed Platforms.ActiveCfg = Debug|x86
		{F262B484-F272-4514-BEE2-D630D1C997A6}.Debug|Mixed Platforms.Build.0 = Debug|x86
		{F262B484-F272-4514-BEE2-D630D1C997A6}.Debug|x86.ActiveCfg = Debug|x86
		{F262B484-F272-4514-BEE2-D630D1C997A6}.Debug|x86.Build.0 = Debug|x86
		{F262B484-F272-4514-BEE2-D630D1C997A6}.Release|Any CPU.ActiveCfg = Release|x86
		{F262B484-F272-4514-BEE2-D630D1C997A6}.Release|Mixed Platforms.ActiveCfg = Release|x86
		{F262B484-F272-4514-BEE2-D630D1C997A6}.Release|Mixed Platforms.Build.0 = Release|x86
		{F262B484-F272-4514-BEE2-D630D1C997A6}.Release|x86.ActiveCfg = Release|x86
		{F262B484-F272-4514-BEE2-D630D1C997A6}.Release|x86.Build.0 = Release|x86
		{C66B42CD-9D04-49E1-97BA-DAC61F9641A4}.Debug|Any CPU.ActiveCfg = Debug|Any CPU
		{C66B42CD-9D04-49E1-97BA-DAC61F9641A4}.Debug|Any CPU.Build.0 = Debug|Any CPU
		{C66B42CD-9D04-49E1-97BA-DAC61F9641A4}.Debug|Mixed Platforms.ActiveCfg = Debug|Any CPU
		{C66B42CD-9D04-49E1-97BA-DAC61F9641A4}.Debug|Mixed Platforms.Build.0 = Debug|Any CPU
		{C66B42CD-9D04-49E1-97BA-DAC61F9641A4}.Debug|x86.ActiveCfg = Debug|Any CPU
		{C66B42CD-9D04-49E1-97BA-DAC61F9641A4}.Release|Any CPU.ActiveCfg = Release|Any CPU
		{C66B42CD-9D04-49E1-97BA-DAC61F9641A4}.Release|Any CPU.Build.0 = Release|Any CPU
		{C66B42CD-9D04-49E1-97BA-DAC61F9641A4}.Release|Mixed Platforms.ActiveCfg = Release|Any CPU
		{C66B42CD-9D04-49E1-97BA-DAC61F9641A4}.Release|Mixed Platforms.Build.0 = Release|Any CPU
		{C66B42CD-9D04-49E1-97BA-DAC61F9641A4}.Release|x86.ActiveCfg = Release|Any CPU
		{7BD8A9A4-8FB4-45E8-82B4-5450CC846132}.Debug|Any CPU.ActiveCfg = Debug|Any CPU
		{7BD8A9A4-8FB4-45E8-82B4-5450CC846132}.Debug|Any CPU.Build.0 = Debug|Any CPU
		{7BD8A9A4-8FB4-45E8-82B4-5450CC846132}.Debug|Mixed Platforms.ActiveCfg = Debug|Any CPU
		{7BD8A9A4-8FB4-45E8-82B4-5450CC846132}.Debug|Mixed Platforms.Build.0 = Debug|Any CPU
		{7BD8A9A4-8FB4-45E8-82B4-5450CC846132}.Debug|x86.ActiveCfg = Debug|Any CPU
		{7BD8A9A4-8FB4-45E8-82B4-5450CC846132}.Release|Any CPU.ActiveCfg = Release|Any CPU
		{7BD8A9A4-8FB4-45E8-82B4-5450CC846132}.Release|Any CPU.Build.0 = Release|Any CPU
		{7BD8A9A4-8FB4-45E8-82B4-5450CC846132}.Release|Mixed Platforms.ActiveCfg = Release|Any CPU
		{7BD8A9A4-8FB4-45E8-82B4-5450CC846132}.Release|Mixed Platforms.Build.0 = Release|Any CPU
		{7BD8A9A4-8FB4-45E8-82B4-5450CC846132}.Release|x86.ActiveCfg = Release|Any CPU
		{AEC0AA07-0BED-49AE-9280-8508BE2AFDAA}.Debug|Any CPU.ActiveCfg = Debug|x86
		{AEC0AA07-0BED-49AE-9280-8508BE2AFDAA}.Debug|Any CPU.Build.0 = Debug|x86
		{AEC0AA07-0BED-49AE-9280-8508BE2AFDAA}.Debug|Mixed Platforms.ActiveCfg = Debug|x86
		{AEC0AA07-0BED-49AE-9280-8508BE2AFDAA}.Debug|Mixed Platforms.Build.0 = Debug|x86
		{AEC0AA07-0BED-49AE-9280-8508BE2AFDAA}.Debug|x86.ActiveCfg = Debug|x86
		{AEC0AA07-0BED-49AE-9280-8508BE2AFDAA}.Debug|x86.Build.0 = Debug|x86
		{AEC0AA07-0BED-49AE-9280-8508BE2AFDAA}.Release|Any CPU.ActiveCfg = Release|x86
		{AEC0AA07-0BED-49AE-9280-8508BE2AFDAA}.Release|Mixed Platforms.ActiveCfg = Release|x86
		{AEC0AA07-0BED-49AE-9280-8508BE2AFDAA}.Release|Mixed Platforms.Build.0 = Release|x86
		{AEC0AA07-0BED-49AE-9280-8508BE2AFDAA}.Release|x86.ActiveCfg = Release|x86
		{AEC0AA07-0BED-49AE-9280-8508BE2AFDAA}.Release|x86.Build.0 = Release|x86
		{C65EA2E6-D154-47FA-A447-DDFF04B381AA}.Debug|Any CPU.ActiveCfg = Debug|Any CPU
		{C65EA2E6-D154-47FA-A447-DDFF04B381AA}.Debug|Any CPU.Build.0 = Debug|Any CPU
		{C65EA2E6-D154-47FA-A447-DDFF04B381AA}.Debug|Mixed Platforms.ActiveCfg = Debug|Any CPU
		{C65EA2E6-D154-47FA-A447-DDFF04B381AA}.Debug|Mixed Platforms.Build.0 = Debug|Any CPU
		{C65EA2E6-D154-47FA-A447-DDFF04B381AA}.Debug|x86.ActiveCfg = Debug|Any CPU
		{C65EA2E6-D154-47FA-A447-DDFF04B381AA}.Release|Any CPU.ActiveCfg = Release|Any CPU
		{C65EA2E6-D154-47FA-A447-DDFF04B381AA}.Release|Any CPU.Build.0 = Release|Any CPU
		{C65EA2E6-D154-47FA-A447-DDFF04B381AA}.Release|Mixed Platforms.ActiveCfg = Release|Any CPU
		{C65EA2E6-D154-47FA-A447-DDFF04B381AA}.Release|Mixed Platforms.Build.0 = Release|Any CPU
		{C65EA2E6-D154-47FA-A447-DDFF04B381AA}.Release|x86.ActiveCfg = Release|Any CPU
		{B3E658CF-5F5A-492A-87E0-9D8E200E22C0}.Debug|Any CPU.ActiveCfg = Debug|x86
		{B3E658CF-5F5A-492A-87E0-9D8E200E22C0}.Debug|Mixed Platforms.ActiveCfg = Debug|x86
		{B3E658CF-5F5A-492A-87E0-9D8E200E22C0}.Debug|Mixed Platforms.Build.0 = Debug|x86
		{B3E658CF-5F5A-492A-87E0-9D8E200E22C0}.Debug|x86.ActiveCfg = Debug|x86
		{B3E658CF-5F5A-492A-87E0-9D8E200E22C0}.Debug|x86.Build.0 = Debug|x86
		{B3E658CF-5F5A-492A-87E0-9D8E200E22C0}.Release|Any CPU.ActiveCfg = Release|x86
		{B3E658CF-5F5A-492A-87E0-9D8E200E22C0}.Release|Mixed Platforms.ActiveCfg = Release|x86
		{B3E658CF-5F5A-492A-87E0-9D8E200E22C0}.Release|Mixed Platforms.Build.0 = Release|x86
		{B3E658CF-5F5A-492A-87E0-9D8E200E22C0}.Release|x86.ActiveCfg = Release|x86
		{B3E658CF-5F5A-492A-87E0-9D8E200E22C0}.Release|x86.Build.0 = Release|x86
		{41F5E763-07D3-4CB1-8120-FB9B3E5BDC7C}.Debug|Any CPU.ActiveCfg = Debug|Any CPU
		{41F5E763-07D3-4CB1-8120-FB9B3E5BDC7C}.Debug|Any CPU.Build.0 = Debug|Any CPU
		{41F5E763-07D3-4CB1-8120-FB9B3E5BDC7C}.Debug|Mixed Platforms.ActiveCfg = Debug|Any CPU
		{41F5E763-07D3-4CB1-8120-FB9B3E5BDC7C}.Debug|Mixed Platforms.Build.0 = Debug|Any CPU
		{41F5E763-07D3-4CB1-8120-FB9B3E5BDC7C}.Debug|x86.ActiveCfg = Debug|Any CPU
		{41F5E763-07D3-4CB1-8120-FB9B3E5BDC7C}.Release|Any CPU.ActiveCfg = Release|Any CPU
		{41F5E763-07D3-4CB1-8120-FB9B3E5BDC7C}.Release|Any CPU.Build.0 = Release|Any CPU
		{41F5E763-07D3-4CB1-8120-FB9B3E5BDC7C}.Release|Mixed Platforms.ActiveCfg = Release|Any CPU
		{41F5E763-07D3-4CB1-8120-FB9B3E5BDC7C}.Release|Mixed Platforms.Build.0 = Release|Any CPU
		{41F5E763-07D3-4CB1-8120-FB9B3E5BDC7C}.Release|x86.ActiveCfg = Release|Any CPU
	EndGlobalSection
	GlobalSection(SolutionProperties) = preSolution
		HideSolutionNode = FALSE
	EndGlobalSection
	GlobalSection(NestedProjects) = preSolution
		{AEC0AA07-0BED-49AE-9280-8508BE2AFDAA} = {121B2A35-E2F1-42F9-8537-5E3D7F7C0696}
		{F262B484-F272-4514-BEE2-D630D1C997A6} = {121B2A35-E2F1-42F9-8537-5E3D7F7C0696}
		{C65EA2E6-D154-47FA-A447-DDFF04B381AA} = {121B2A35-E2F1-42F9-8537-5E3D7F7C0696}
	EndGlobalSection
EndGlobal
